
Microsoft Visual Studio Solution File, Format Version 12.00
# Visual Studio Version 16
VisualStudioVersion = 16.0.31702.278
MinimumVisualStudioVersion = 10.0.40219.1
Project("{FAE04EC0-301F-11D3-BF4B-00C04F79EFBC}") = "myfirstapp", "myfirstapp\myfirstapp.csproj", "{092DB72F-4C03-4E1D-8510-6868AEF9EFC4}"
EndProject
Global
	GlobalSection(SolutionConfigurationPlatforms) = preSolution
		Debug|Any CPU = Debug|Any CPU
		Release|Any CPU = Release|Any CPU
	EndGlobalSection
	GlobalSection(ProjectConfigurationPlatforms) = postSolution
		{092DB72F-4C03-4E1D-8510-6868AEF9EFC4}.Debug|Any CPU.ActiveCfg = Debug|Any CPU
		{092DB72F-4C03-4E1D-8510-6868AEF9EFC4}.Debug|Any CPU.Build.0 = Debug|Any CPU
		{092DB72F-4C03-4E1D-8510-6868AEF9EFC4}.Release|Any CPU.ActiveCfg = Release|Any CPU
		{092DB72F-4C03-4E1D-8510-6868AEF9EFC4}.Release|Any CPU.Build.0 = Release|Any CPU
	EndGlobalSection
	GlobalSection(SolutionProperties) = preSolution
		HideSolutionNode = FALSE
	EndGlobalSection
	GlobalSection(ExtensibilityGlobals) = postSolution
		SolutionGuid = {BDAD41C6-5CF1-45DD-868D-3505DE22C44C}
	EndGlobalSection
EndGlobal
